// !$*UTF8*$!
{
	archiveVersion = 1;
	classes = {
	};
	objectVersion = 50;
	objects = {

/* Begin PBXBuildFile section */
		68EA97EF25A3433800E65778 /* AppDelegate.swift in Sources */ = {isa = PBXBuildFile; fileRef = 68EA97EE25A3433800E65778 /* AppDelegate.swift */; };
		68EA97F125A3433800E65778 /* SceneDelegate.swift in Sources */ = {isa = PBXBuildFile; fileRef = 68EA97F025A3433800E65778 /* SceneDelegate.swift */; };
		68EA97F325A3433800E65778 /* ViewController.swift in Sources */ = {isa = PBXBuildFile; fileRef = 68EA97F225A3433800E65778 /* ViewController.swift */; };
		68EA97F625A3433800E65778 /* Main.storyboard in Resources */ = {isa = PBXBuildFile; fileRef = 68EA97F425A3433800E65778 /* Main.storyboard */; };
		68EA97F825A3433900E65778 /* Assets.xcassets in Resources */ = {isa = PBXBuildFile; fileRef = 68EA97F725A3433900E65778 /* Assets.xcassets */; };
		68EA97FB25A3433900E65778 /* LaunchScreen.storyboard in Resources */ = {isa = PBXBuildFile; fileRef = 68EA97F925A3433900E65778 /* LaunchScreen.storyboard */; };
/* End PBXBuildFile section */

/* Begin PBXFileReference section */
		68EA97EB25A3433800E65778 /* Lesson2RepeatAllFromLesson.app */ = {isa = PBXFileReference; explicitFileType = wrapper.application; includeInIndex = 0; path = Lesson2RepeatAllFromLesson.app; sourceTree = BUILT_PRODUCTS_DIR; };
		68EA97EE25A3433800E65778 /* AppDelegate.swift */ = {isa = PBXFileReference; lastKnownFileType = sourcecode.swift; path = AppDelegate.swift; sourceTree = "<group>"; };
		68EA97F025A3433800E65778 /* SceneDelegate.swift */ = {isa = PBXFileReference; lastKnownFileType = sourcecode.swift; path = SceneDelegate.swift; sourceTree = "<group>"; };
		68EA97F225A3433800E65778 /* ViewController.swift */ = {isa = PBXFileReference; lastKnownFileType = sourcecode.swift; path = ViewController.swift; sourceTree = "<group>"; };
		68EA97F525A3433800E65778 /* Base */ = {isa = PBXFileReference; lastKnownFileType = file.storyboard; name = Base; path = Base.lproj/Main.storyboard; sourceTree = "<group>"; };
		68EA97F725A3433900E65778 /* Assets.xcassets */ = {isa = PBXFileReference; lastKnownFileType = folder.assetcatalog; path = Assets.xcassets; sourceTree = "<group>"; };
		68EA97FA25A3433900E65778 /* Base */ = {isa = PBXFileReference; lastKnownFileType = file.storyboard; name = Base; path = Base.lproj/LaunchScreen.storyboard; sourceTree = "<group>"; };
		68EA97FC25A3433900E65778 /* Info.plist */ = {isa = PBXFileReference; lastKnownFileType = text.plist.xml; path = Info.plist; sourceTree = "<group>"; };
/* End PBXFileReference section */

/* Begin PBXFrameworksBuildPhase section */
		68EA97E825A3433800E65778 /* Frameworks */ = {
			isa = PBXFrameworksBuildPhase;
			buildActionMask = 2147483647;
			files = (
			);
			runOnlyForDeploymentPostprocessing = 0;
		};
/* End PBXFrameworksBuildPhase section */

/* Begin PBXGroup section */
		68EA97E225A3433800E65778 = {
			isa = PBXGroup;
			children = (
				68EA97ED25A3433800E65778 /* Lesson2RepeatAllFromLesson */,
				68EA97EC25A3433800E65778 /* Products */,
			);
			sourceTree = "<group>";
		};
		68EA97EC25A3433800E65778 /* Products */ = {
			isa = PBXGroup;
			children = (
				68EA97EB25A3433800E65778 /* Lesson2RepeatAllFromLesson.app */,
			);
			name = Products;
			sourceTree = "<group>";
		};
		68EA97ED25A3433800E65778 /* Lesson2RepeatAllFromLesson */ = {
			isa = PBXGroup;
			children = (
				68EA97EE25A3433800E65778 /* AppDelegate.swift */,
				68EA97F025A3433800E65778 /* SceneDelegate.swift */,
				68EA97F225A3433800E65778 /* ViewController.swift */,
				68EA97F425A3433800E65778 /* Main.storyboard */,
				68EA97F725A3433900E65778 /* Assets.xcassets */,
				68EA97F925A3433900E65778 /* LaunchScreen.storyboard */,
				68EA97FC25A3433900E65778 /* Info.plist */,
			);
			path = Lesson2RepeatAllFromLesson;
			sourceTree = "<group>";
		};
/* End PBXGroup section */

/* Begin PBXNativeTarget section */
		68EA97EA25A3433800E65778 /* Lesson2RepeatAllFromLesson */ = {
			isa = PBXNativeTarget;
			buildConfigurationList = 68EA97FF25A3433900E65778 /* Build configuration list for PBXNativeTarget "Lesson2RepeatAllFromLesson" */;
			buildPhases = (
				68EA97E725A3433800E65778 /* Sources */,
				68EA97E825A3433800E65778 /* Frameworks */,
				68EA97E925A3433800E65778 /* Resources */,
			);
			buildRules = (
			);
			dependencies = (
			);
			name = Lesson2RepeatAllFromLesson;
			productName = Lesson2RepeatAllFromLesson;
			productReference = 68EA97EB25A3433800E65778 /* Lesson2RepeatAllFromLesson.app */;
			productType = "com.apple.product-type.application";
		};
/* End PBXNativeTarget section */

/* Begin PBXProject section */
		68EA97E325A3433800E65778 /* Project object */ = {
			isa = PBXProject;
			attributes = {
				LastSwiftUpdateCheck = 1230;
				LastUpgradeCheck = 1230;
				TargetAttributes = {
					68EA97EA25A3433800E65778 = {
						CreatedOnToolsVersion = 12.3;
					};
				};
			};
			buildConfigurationList = 68EA97E625A3433800E65778 /* Build configuration list for PBXProject "Lesson2RepeatAllFromLesson" */;
			compatibilityVersion = "Xcode 9.3";
			developmentRegion = en;
			hasScannedForEncodings = 0;
			knownRegions = (
				en,
				Base,
			);
			mainGroup = 68EA97E225A3433800E65778;
			productRefGroup = 68EA97EC25A3433800E65778 /* Products */;
			projectDirPath = "";
			projectRoot = "";
			targets = (
				68EA97EA25A3433800E65778 /* Lesson2RepeatAllFromLesson */,
			);
		};
/* End PBXProject section */

/* Begin PBXResourcesBuildPhase section */
		68EA97E925A3433800E65778 /* Resources */ = {
			isa = PBXResourcesBuildPhase;
			buildActionMask = 2147483647;
			files = (
				68EA97FB25A3433900E65778 /* LaunchScreen.storyboard in Resources */,
				68EA97F825A3433900E65778 /* Assets.xcassets in Resources */,
				68EA97F625A3433800E65778 /* Main.storyboard in Resources */,
			);
			runOnlyForDeploymentPostprocessing = 0;
		};
/* End PBXResourcesBuildPhase section */

/* Begin PBXSourcesBuildPhase section */
		68EA97E725A3433800E65778 /* Sources */ = {
			isa = PBXSourcesBuildPhase;
			buildActionMask = 2147483647;
			files = (
				68EA97F325A3433800E65778 /* ViewController.swift in Sources */,
				68EA97EF25A3433800E65778 /* AppDelegate.swift in Sources */,
				68EA97F125A3433800E65778 /* SceneDelegate.swift in Sources */,
			);
			runOnlyForDeploymentPostprocessing = 0;
		};
/* End PBXSourcesBuildPhase section */

/* Begin PBXVariantGroup section */
		68EA97F425A3433800E65778 /* Main.storyboard */ = {
			isa = PBXVariantGroup;
			children = (
				68EA97F525A3433800E65778 /* Base */,
			);
			name = Main.storyboard;
			sourceTree = "<group>";
		};
		68EA97F925A3433900E65778 /* LaunchScreen.storyboard */ = {
			isa = PBXVariantGroup;
			children = (
				68EA97FA25A3433900E65778 /* Base */,
			);
			name = LaunchScreen.storyboard;
			sourceTree = "<group>";
		};
/* End PBXVariantGroup section */

/* Begin XCBuildConfiguration section */
		68EA97FD25A3433900E65778 /* Debug */ = {
			isa = XCBuildConfiguration;
			buildSettings = {
				ALWAYS_SEARCH_USER_PATHS = NO;
				CLANG_ANALYZER_NONNULL = YES;
				CLANG_ANALYZER_NUMBER_OBJECT_CONVERSION = YES_AGGRESSIVE;
				CLANG_CXX_LANGUAGE_STANDARD = "gnu++14";
				CLANG_CXX_LIBRARY = "libc++";
				CLANG_ENABLE_MODULES = YES;
				CLANG_ENABLE_OBJC_ARC = YES;
				CLANG_ENABLE_OBJC_WEAK = YES;
				CLANG_WARN_BLOCK_CAPTURE_AUTORELEASING = YES;
				CLANG_WARN_BOOL_CONVERSION = YES;
				CLANG_WARN_COMMA = YES;
				CLANG_WARN_CONSTANT_CONVERSION = YES;
				CLANG_WARN_DEPRECATED_OBJC_IMPLEMENTATIONS = YES;
				CLANG_WARN_DIRECT_OBJC_ISA_USAGE = YES_ERROR;
				CLANG_WARN_DOCUMENTATION_COMMENTS = YES;
				CLANG_WARN_EMPTY_BODY = YES;
				CLANG_WARN_ENUM_CONVERSION = YES;
				CLANG_WARN_INFINITE_RECURSION = YES;
				CLANG_WARN_INT_CONVERSION = YES;
				CLANG_WARN_NON_LITERAL_NULL_CONVERSION = YES;
				CLANG_WARN_OBJC_IMPLICIT_RETAIN_SELF = YES;
				CLANG_WARN_OBJC_LITERAL_CONVERSION = YES;
				CLANG_WARN_OBJC_ROOT_CLASS = YES_ERROR;
				CLANG_WARN_QUOTED_INCLUDE_IN_FRAMEWORK_HEADER = YES;
				CLANG_WARN_RANGE_LOOP_ANALYSIS = YES;
				CLANG_WARN_STRICT_PROTOTYPES = YES;
				CLANG_WARN_SUSPICIOUS_MOVE = YES;
				CLANG_WARN_UNGUARDED_AVAILABILITY = YES_AGGRESSIVE;
				CLANG_WARN_UNREACHABLE_CODE = YES;
				CLANG_WARN__DUPLICATE_METHOD_MATCH = YES;
				COPY_PHASE_STRIP = NO;
				DEBUG_INFORMATION_FORMAT = dwarf;
				ENABLE_STRICT_OBJC_MSGSEND = YES;
				ENABLE_TESTABILITY = YES;
				GCC_C_LANGUAGE_STANDARD = gnu11;
				GCC_DYNAMIC_NO_PIC = NO;
				GCC_NO_COMMON_BLOCKS = YES;
				GCC_OPTIMIZATION_LEVEL = 0;
				GCC_PREPROCESSOR_DEFINITIONS = (
					"DEBUG=1",
					"$(inherited)",
				);
				GCC_WARN_64_TO_32_BIT_CONVERSION = YES;
				GCC_WARN_ABOUT_RETURN_TYPE = YES_ERROR;
				GCC_WARN_UNDECLARED_SELECTOR = YES;
				GCC_WARN_UNINITIALIZED_AUTOS = YES_AGGRESSIVE;
				GCC_WARN_UNUSED_FUNCTION = YES;
				GCC_WARN_UNUSED_VARIABLE = YES;
				IPHONEOS_DEPLOYMENT_TARGET = 14.3;
				MTL_ENABLE_DEBUG_INFO = INCLUDE_SOURCE;
				MTL_FAST_MATH = YES;
				ONLY_ACTIVE_ARCH = YES;
				SDKROOT = iphoneos;
				SWIFT_ACTIVE_COMPILATION_CONDITIONS = DEBUG;
				SWIFT_OPTIMIZATION_LEVEL = "-Onone";
			};
			name = Debug;
		};
		68EA97FE25A3433900E65778 /* Release */ = {
			isa = XCBuildConfiguration;
			buildSettings = {
				ALWAYS_SEARCH_USER_PATHS = NO;
				CLANG_ANALYZER_NONNULL = YES;
				CLANG_ANALYZER_NUMBER_OBJECT_CONVERSION = YES_AGGRESSIVE;
				CLANG_CXX_LANGUAGE_STANDARD = "gnu++14";
				CLANG_CXX_LIBRARY = "libc++";
				CLANG_ENABLE_MODULES = YES;
				CLANG_ENABLE_OBJC_ARC = YES;
				CLANG_ENABLE_OBJC_WEAK = YES;
				CLANG_WARN_BLOCK_CAPTURE_AUTORELEASING = YES;
				CLANG_WARN_BOOL_CONVERSION = YES;
				CLANG_WARN_COMMA = YES;
				CLANG_WARN_CONSTANT_CONVERSION = YES;
				CLANG_WARN_DEPRECATED_OBJC_IMPLEMENTATIONS = YES;
				CLANG_WARN_DIRECT_OBJC_ISA_USAGE = YES_ERROR;
				CLANG_WARN_DOCUMENTATION_COMMENTS = YES;
				CLANG_WARN_EMPTY_BODY = YES;
				CLANG_WARN_ENUM_CONVERSION = YES;
				CLANG_WARN_INFINITE_RECURSION = YES;
				CLANG_WARN_INT_CONVERSION = YES;
				CLANG_WARN_NON_LITERAL_NULL_CONVERSION = YES;
				CLANG_WARN_OBJC_IMPLICIT_RETAIN_SELF = YES;
				CLANG_WARN_OBJC_LITERAL_CONVERSION = YES;
				CLANG_WARN_OBJC_ROOT_CLASS = YES_ERROR;
				CLANG_WARN_QUOTED_INCLUDE_IN_FRAMEWORK_HEADER = YES;
				CLANG_WARN_RANGE_LOOP_ANALYSIS = YES;
				CLANG_WARN_STRICT_PROTOTYPES = YES;
				CLANG_WARN_SUSPICIOUS_MOVE = YES;
				CLANG_WARN_UNGUARDED_AVAILABILITY = YES_AGGRESSIVE;
				CLANG_WARN_UNREACHABLE_CODE = YES;
				CLANG_WARN__DUPLICATE_METHOD_MATCH = YES;
				COPY_PHASE_STRIP = NO;
				DEBUG_INFORMATION_FORMAT = "dwarf-with-dsym";
				ENABLE_NS_ASSERTIONS = NO;
				ENABLE_STRICT_OBJC_MSGSEND = YES;
				GCC_C_LANGUAGE_STANDARD = gnu11;
				GCC_NO_COMMON_BLOCKS = YES;
				GCC_WARN_64_TO_32_BIT_CONVERSION = YES;
				GCC_WARN_ABOUT_RETURN_TYPE = YES_ERROR;
				GCC_WARN_UNDECLARED_SELECTOR = YES;
				GCC_WARN_UNINITIALIZED_AUTOS = YES_AGGRESSIVE;
				GCC_WARN_UNUSED_FUNCTION = YES;
				GCC_WARN_UNUSED_VARIABLE = YES;
				IPHONEOS_DEPLOYMENT_TARGET = 14.3;
				MTL_ENABLE_DEBUG_INFO = NO;
				MTL_FAST_MATH = YES;
				SDKROOT = iphoneos;
				SWIFT_COMPILATION_MODE = wholemodule;
				SWIFT_OPTIMIZATION_LEVEL = "-O";
				VALIDATE_PRODUCT = YES;
			};
			name = Release;
		};
		68EA980025A3433900E65778 /* Debug */ = {
			isa = XCBuildConfiguration;
			buildSettings = {
				ASSETCATALOG_COMPILER_APPICON_NAME = AppIcon;
				ASSETCATALOG_COMPILER_GLOBAL_ACCENT_COLOR_NAME = AccentColor;
				CODE_SIGN_STYLE = Automatic;
				INFOPLIST_FILE = Lesson2RepeatAllFromLesson/Info.plist;
				LD_RUNPATH_SEARCH_PATHS = (
					"$(inherited)",
					"@executable_path/Frameworks",
				);
				PRODUCT_BUNDLE_IDENTIFIER = ru.SwiftBook.Lesson2RepeatAllFromLesson;
				PRODUCT_NAME = "$(TARGET_NAME)";
				SWIFT_VERSION = 5.0;
				TARGETED_DEVICE_FAMILY = "1,2";
			};
			name = Debug;
		};
		68EA980125A3433900E65778 /* Release */ = {
			isa = XCBuildConfiguration;
			buildSettings = {
				ASSETCATALOG_COMPILER_APPICON_NAME = AppIcon;
				ASSETCATALOG_COMPILER_GLOBAL_ACCENT_COLOR_NAME = AccentColor;
				CODE_SIGN_STYLE = Automatic;
				INFOPLIST_FILE = Lesson2RepeatAllFromLesson/Info.plist;
				LD_RUNPATH_SEARCH_PATHS = (
					"$(inherited)",
					"@executable_path/Frameworks",
				);
				PRODUCT_BUNDLE_IDENTIFIER = ru.SwiftBook.Lesson2RepeatAllFromLesson;
				PRODUCT_NAME = "$(TARGET_NAME)";
				SWIFT_VERSION = 5.0;
				TARGETED_DEVICE_FAMILY = "1,2";
			};
			name = Release;
		};
/* End XCBuildConfiguration section */

/* Begin XCConfigurationList section */
		68EA97E625A3433800E65778 /* Build configuration list for PBXProject "Lesson2RepeatAllFromLesson" */ = {
			isa = XCConfigurationList;
			buildConfigurations = (
				68EA97FD25A3433900E65778 /* Debug */,
				68EA97FE25A3433900E65778 /* Release */,
			);
			defaultConfigurationIsVisible = 0;
			defaultConfigurationName = Release;
		};
		68EA97FF25A3433900E65778 /* Build configuration list for PBXNativeTarget "Lesson2RepeatAllFromLesson" */ = {
			isa = XCConfigurationList;
			buildConfigurations = (
				68EA980025A3433900E65778 /* Debug */,
				68EA980125A3433900E65778 /* Release */,
			);
			defaultConfigurationIsVisible = 0;
			defaultConfigurationName = Release;
		};
/* End XCConfigurationList section */
	};
	rootObject = 68EA97E325A3433800E65778 /* Project object */;
}
